
Microsoft Visual Studio Solution File, Format Version 11.00
# Visual Studio 2010
Project("{FAE04EC0-301F-11D3-BF4B-00C04F79EFBC}") = "PPPWeb", "PPPWeb\PPPWeb.csproj", "{F229E1BE-EBEB-4985-B22C-D59AA51D69D8}"
EndProject
Global
	GlobalSection(SolutionConfigurationPlatforms) = preSolution
		Debug|Any CPU = Debug|Any CPU
		Release|Any CPU = Release|Any CPU
	EndGlobalSection
	GlobalSection(ProjectConfigurationPlatforms) = postSolution
		{F229E1BE-EBEB-4985-B22C-D59AA51D69D8}.Debug|Any CPU.ActiveCfg = Debug|Any CPU
		{F229E1BE-EBEB-4985-B22C-D59AA51D69D8}.Debug|Any CPU.Build.0 = Debug|Any CPU
		{F229E1BE-EBEB-4985-B22C-D59AA51D69D8}.Release|Any CPU.ActiveCfg = Release|Any CPU
		{F229E1BE-EBEB-4985-B22C-D59AA51D69D8}.Release|Any CPU.Build.0 = Release|Any CPU
	EndGlobalSection
	GlobalSection(SolutionProperties) = preSolution
		HideSolutionNode = FALSE
	EndGlobalSection
EndGlobal
